// !$*UTF8*$!
{
	archiveVersion = 1;
	classes = {
	};
	objectVersion = 55;
	objects = {

/* Begin PBXBuildFile section */
		441E26A428D917E100D6A0AC /* CodeViewController.swift in Sources */ = {isa = PBXBuildFile; fileRef = 441E26A328D917E100D6A0AC /* CodeViewController.swift */; };
		441E26A628DA765700D6A0AC /* MainViewController.swift in Sources */ = {isa = PBXBuildFile; fileRef = 441E26A528DA765700D6A0AC /* MainViewController.swift */; };
		441E26A928DA80EF00D6A0AC /* Alamofire in Frameworks */ = {isa = PBXBuildFile; productRef = 441E26A828DA80EF00D6A0AC /* Alamofire */; };
		445297FB28E4EF3C000A3B64 /* loading.json in Resources */ = {isa = PBXBuildFile; fileRef = 445297FA28E4EF3B000A3B64 /* loading.json */; };
		445D5FD228E4F2E3008BD560 /* Lottie in Frameworks */ = {isa = PBXBuildFile; productRef = 445D5FD128E4F2E3008BD560 /* Lottie */; };
		445D5FD428E745C3008BD560 /* SettingsTableViewCell.swift in Sources */ = {isa = PBXBuildFile; fileRef = 445D5FD328E745C3008BD560 /* SettingsTableViewCell.swift */; };
		4485243528F228E500D92055 /* Qanelas-Bold.ttf in Resources */ = {isa = PBXBuildFile; fileRef = 4485243328F228E500D92055 /* Qanelas-Bold.ttf */; };
		4485243628F228E500D92055 /* Qanelas-Regular.ttf in Resources */ = {isa = PBXBuildFile; fileRef = 4485243428F228E500D92055 /* Qanelas-Regular.ttf */; };
		4485243828F2292100D92055 /* Qanelas-Medium.ttf in Resources */ = {isa = PBXBuildFile; fileRef = 4485243728F2292100D92055 /* Qanelas-Medium.ttf */; };
		448E30E328D8FC200053A082 /* AppDelegate.swift in Sources */ = {isa = PBXBuildFile; fileRef = 448E30E228D8FC200053A082 /* AppDelegate.swift */; };
		448E30E528D8FC200053A082 /* SceneDelegate.swift in Sources */ = {isa = PBXBuildFile; fileRef = 448E30E428D8FC200053A082 /* SceneDelegate.swift */; };
		448E30E728D8FC200053A082 /* ViewController.swift in Sources */ = {isa = PBXBuildFile; fileRef = 448E30E628D8FC200053A082 /* ViewController.swift */; };
		448E30EA28D8FC200053A082 /* Main.storyboard in Resources */ = {isa = PBXBuildFile; fileRef = 448E30E828D8FC200053A082 /* Main.storyboard */; };
		448E30ED28D8FC200053A082 /* Call_Recorder.xcdatamodeld in Sources */ = {isa = PBXBuildFile; fileRef = 448E30EB28D8FC200053A082 /* Call_Recorder.xcdatamodeld */; };
		448E30EF28D8FC220053A082 /* Assets.xcassets in Resources */ = {isa = PBXBuildFile; fileRef = 448E30EE28D8FC220053A082 /* Assets.xcassets */; };
		448E30F228D8FC220053A082 /* LaunchScreen.storyboard in Resources */ = {isa = PBXBuildFile; fileRef = 448E30F028D8FC220053A082 /* LaunchScreen.storyboard */; };
		448E30FD28D8FC220053A082 /* Call_RecorderTests.swift in Sources */ = {isa = PBXBuildFile; fileRef = 448E30FC28D8FC220053A082 /* Call_RecorderTests.swift */; };
		448E310728D8FC220053A082 /* Call_RecorderUITests.swift in Sources */ = {isa = PBXBuildFile; fileRef = 448E310628D8FC220053A082 /* Call_RecorderUITests.swift */; };
		448E310928D8FC220053A082 /* Call_RecorderUITestsLaunchTests.swift in Sources */ = {isa = PBXBuildFile; fileRef = 448E310828D8FC220053A082 /* Call_RecorderUITestsLaunchTests.swift */; };
		448E311D28D900D80053A082 /* SFPRODISPLAYSEMIBOLDITALIC.OTF in Resources */ = {isa = PBXBuildFile; fileRef = 448E311628D900D80053A082 /* SFPRODISPLAYSEMIBOLDITALIC.OTF */; };
		448E312028D900D80053A082 /* Montserrat-SemiBold.ttf in Resources */ = {isa = PBXBuildFile; fileRef = 448E311928D900D80053A082 /* Montserrat-SemiBold.ttf */; };
		448E312128D900D80053A082 /* proximanova_bold.otf in Resources */ = {isa = PBXBuildFile; fileRef = 448E311A28D900D80053A082 /* proximanova_bold.otf */; };
		448E312228D900D80053A082 /* Montserrat-Regular.ttf in Resources */ = {isa = PBXBuildFile; fileRef = 448E311B28D900D80053A082 /* Montserrat-Regular.ttf */; };
		448E312328D900D80053A082 /* SFProDisplay-SemiBold.ttf in Resources */ = {isa = PBXBuildFile; fileRef = 448E311C28D900D80053A082 /* SFProDisplay-SemiBold.ttf */; };
		44B7694A28F04E3E00BC755D /* DelModelViewController.swift in Sources */ = {isa = PBXBuildFile; fileRef = 44B7694928F04E3E00BC755D /* DelModelViewController.swift */; };
		44B7694D28F0C1A400BC755D /* Localizable.strings in Resources */ = {isa = PBXBuildFile; fileRef = 44B7694F28F0C1A400BC755D /* Localizable.strings */; };
		44B8724E28DB64B700B5D201 /* PhoneNumberViewController.swift in Sources */ = {isa = PBXBuildFile; fileRef = 44B8724D28DB64B700B5D201 /* PhoneNumberViewController.swift */; };
		44B8725128DFB83600B5D201 /* SwiftyJSON in Frameworks */ = {isa = PBXBuildFile; productRef = 44B8725028DFB83600B5D201 /* SwiftyJSON */; };
		44D4526028E1027600D0FFA5 /* module.swift in Sources */ = {isa = PBXBuildFile; fileRef = 44D4525F28E1027600D0FFA5 /* module.swift */; };
		44D4526228E2116D00D0FFA5 /* AudioTableViewCell.swift in Sources */ = {isa = PBXBuildFile; fileRef = 44D4526128E2116D00D0FFA5 /* AudioTableViewCell.swift */; };
		44FF145A28FAEE5C008EFFE0 /* GoogleService-Info.plist in Resources */ = {isa = PBXBuildFile; fileRef = 44FF145928FAEE5C008EFFE0 /* GoogleService-Info.plist */; };
		44FF145D28FAF017008EFFE0 /* FirebaseAuth in Frameworks */ = {isa = PBXBuildFile; productRef = 44FF145C28FAF017008EFFE0 /* FirebaseAuth */; };
		44FF145F28FAF017008EFFE0 /* FirebaseAuthCombine-Community in Frameworks */ = {isa = PBXBuildFile; productRef = 44FF145E28FAF017008EFFE0 /* FirebaseAuthCombine-Community */; };
		44FF146128FAF017008EFFE0 /* FirebaseFirestore in Frameworks */ = {isa = PBXBuildFile; productRef = 44FF146028FAF017008EFFE0 /* FirebaseFirestore */; };
		44FF146328FAF017008EFFE0 /* FirebaseFirestoreCombine-Community in Frameworks */ = {isa = PBXBuildFile; productRef = 44FF146228FAF017008EFFE0 /* FirebaseFirestoreCombine-Community */; };
		44FF146528FAF017008EFFE0 /* FirebaseFirestoreSwift in Frameworks */ = {isa = PBXBuildFile; productRef = 44FF146428FAF017008EFFE0 /* FirebaseFirestoreSwift */; };
/* End PBXBuildFile section */

/* Begin PBXContainerItemProxy section */
		448E30F928D8FC220053A082 /* PBXContainerItemProxy */ = {
			isa = PBXContainerItemProxy;
			containerPortal = 448E30D728D8FC200053A082 /* Project object */;
			proxyType = 1;
			remoteGlobalIDString = 448E30DE28D8FC200053A082;
			remoteInfo = "Call Recorder";
		};
		448E310328D8FC220053A082 /* PBXContainerItemProxy */ = {
			isa = PBXContainerItemProxy;
			containerPortal = 448E30D728D8FC200053A082 /* Project object */;
			proxyType = 1;
			remoteGlobalIDString = 448E30DE28D8FC200053A082;
			remoteInfo = "Call Recorder";
		};
/* End PBXContainerItemProxy section */

/* Begin PBXFileReference section */
		441E26A328D917E100D6A0AC /* CodeViewController.swift */ = {isa = PBXFileReference; lastKnownFileType = sourcecode.swift; path = CodeViewController.swift; sourceTree = "<group>"; };
		441E26A528DA765700D6A0AC /* MainViewController.swift */ = {isa = PBXFileReference; lastKnownFileType = sourcecode.swift; path = MainViewController.swift; sourceTree = "<group>"; };
		445297FA28E4EF3B000A3B64 /* loading.json */ = {isa = PBXFileReference; fileEncoding = 4; lastKnownFileType = text.json; path = loading.json; sourceTree = "<group>"; };
		445D5FD328E745C3008BD560 /* SettingsTableViewCell.swift */ = {isa = PBXFileReference; lastKnownFileType = sourcecode.swift; path = SettingsTableViewCell.swift; sourceTree = "<group>"; };
		4485242E28F225F200D92055 /* Hezaedrus-Medium.ttf */ = {isa = PBXFileReference; lastKnownFileType = file; path = "Hezaedrus-Medium.ttf"; sourceTree = "<group>"; };
		4485242F28F2263000D92055 /* Hezaedrus-Light.ttf */ = {isa = PBXFileReference; lastKnownFileType = file; path = "Hezaedrus-Light.ttf"; sourceTree = "<group>"; };
		4485243028F2264F00D92055 /* Hezaedrus-Regular.ttf */ = {isa = PBXFileReference; lastKnownFileType = file; path = "Hezaedrus-Regular.ttf"; sourceTree = "<group>"; };
		4485243328F228E500D92055 /* Qanelas-Bold.ttf */ = {isa = PBXFileReference; lastKnownFileType = file; name = "Qanelas-Bold.ttf"; path = "../../../../Downloads/Qanelas-Bold.ttf"; sourceTree = "<group>"; };
		4485243428F228E500D92055 /* Qanelas-Regular.ttf */ = {isa = PBXFileReference; lastKnownFileType = file; name = "Qanelas-Regular.ttf"; path = "../../../../Downloads/Qanelas-Regular.ttf"; sourceTree = "<group>"; };
		4485243728F2292100D92055 /* Qanelas-Medium.ttf */ = {isa = PBXFileReference; lastKnownFileType = file; path = "Qanelas-Medium.ttf"; sourceTree = "<group>"; };
		448E30DF28D8FC200053A082 /* Call Recorder.app */ = {isa = PBXFileReference; explicitFileType = wrapper.application; includeInIndex = 0; path = "Call Recorder.app"; sourceTree = BUILT_PRODUCTS_DIR; };
		448E30E228D8FC200053A082 /* AppDelegate.swift */ = {isa = PBXFileReference; lastKnownFileType = sourcecode.swift; path = AppDelegate.swift; sourceTree = "<group>"; };
		448E30E428D8FC200053A082 /* SceneDelegate.swift */ = {isa = PBXFileReference; lastKnownFileType = sourcecode.swift; path = SceneDelegate.swift; sourceTree = "<group>"; };
		448E30E628D8FC200053A082 /* ViewController.swift */ = {isa = PBXFileReference; lastKnownFileType = sourcecode.swift; path = ViewController.swift; sourceTree = "<group>"; };
		448E30E928D8FC200053A082 /* Base */ = {isa = PBXFileReference; lastKnownFileType = file.storyboard; name = Base; path = Base.lproj/Main.storyboard; sourceTree = "<group>"; };
		448E30EC28D8FC200053A082 /* Call_Recorder.xcdatamodel */ = {isa = PBXFileReference; lastKnownFileType = wrapper.xcdatamodel; path = Call_Recorder.xcdatamodel; sourceTree = "<group>"; };
		448E30EE28D8FC220053A082 /* Assets.xcassets */ = {isa = PBXFileReference; lastKnownFileType = folder.assetcatalog; path = Assets.xcassets; sourceTree = "<group>"; };
		448E30F128D8FC220053A082 /* Base */ = {isa = PBXFileReference; lastKnownFileType = file.storyboard; name = Base; path = Base.lproj/LaunchScreen.storyboard; sourceTree = "<group>"; };
		448E30F328D8FC220053A082 /* Info.plist */ = {isa = PBXFileReference; lastKnownFileType = text.plist.xml; path = Info.plist; sourceTree = "<group>"; };
		448E30F828D8FC220053A082 /* Call RecorderTests.xctest */ = {isa = PBXFileReference; explicitFileType = wrapper.cfbundle; includeInIndex = 0; path = "Call RecorderTests.xctest"; sourceTree = BUILT_PRODUCTS_DIR; };
		448E30FC28D8FC220053A082 /* Call_RecorderTests.swift */ = {isa = PBXFileReference; lastKnownFileType = sourcecode.swift; path = Call_RecorderTests.swift; sourceTree = "<group>"; };
		448E310228D8FC220053A082 /* Call RecorderUITests.xctest */ = {isa = PBXFileReference; explicitFileType = wrapper.cfbundle; includeInIndex = 0; path = "Call RecorderUITests.xctest"; sourceTree = BUILT_PRODUCTS_DIR; };
		448E310628D8FC220053A082 /* Call_RecorderUITests.swift */ = {isa = PBXFileReference; lastKnownFileType = sourcecode.swift; path = Call_RecorderUITests.swift; sourceTree = "<group>"; };
		448E310828D8FC220053A082 /* Call_RecorderUITestsLaunchTests.swift */ = {isa = PBXFileReference; lastKnownFileType = sourcecode.swift; path = Call_RecorderUITestsLaunchTests.swift; sourceTree = "<group>"; };
		448E311628D900D80053A082 /* SFPRODISPLAYSEMIBOLDITALIC.OTF */ = {isa = PBXFileReference; lastKnownFileType = file; path = SFPRODISPLAYSEMIBOLDITALIC.OTF; sourceTree = "<group>"; };
		448E311928D900D80053A082 /* Montserrat-SemiBold.ttf */ = {isa = PBXFileReference; lastKnownFileType = file; path = "Montserrat-SemiBold.ttf"; sourceTree = "<group>"; };
		448E311A28D900D80053A082 /* proximanova_bold.otf */ = {isa = PBXFileReference; lastKnownFileType = file; path = proximanova_bold.otf; sourceTree = "<group>"; };
		448E311B28D900D80053A082 /* Montserrat-Regular.ttf */ = {isa = PBXFileReference; lastKnownFileType = file; path = "Montserrat-Regular.ttf"; sourceTree = "<group>"; };
		448E311C28D900D80053A082 /* SFProDisplay-SemiBold.ttf */ = {isa = PBXFileReference; lastKnownFileType = file; path = "SFProDisplay-SemiBold.ttf"; sourceTree = "<group>"; };
		44B768FE28ECF30D00BC755D /* en */ = {isa = PBXFileReference; lastKnownFileType = text.plist.strings; name = en; path = en.lproj/Main.strings; sourceTree = "<group>"; };
		44B768FF28ECF49600BC755D /* ru */ = {isa = PBXFileReference; lastKnownFileType = text.plist.strings; name = ru; path = ru.lproj/Main.strings; sourceTree = "<group>"; };
		44B7694928F04E3E00BC755D /* DelModelViewController.swift */ = {isa = PBXFileReference; lastKnownFileType = sourcecode.swift; path = DelModelViewController.swift; sourceTree = "<group>"; };
		44B7694E28F0C1A400BC755D /* en */ = {isa = PBXFileReference; lastKnownFileType = text.plist.strings; name = en; path = en.lproj/Localizable.strings; sourceTree = "<group>"; };
		44B7695028F0C1A800BC755D /* ru */ = {isa = PBXFileReference; lastKnownFileType = text.plist.strings; name = ru; path = ru.lproj/Localizable.strings; sourceTree = "<group>"; };
		44B8724D28DB64B700B5D201 /* PhoneNumberViewController.swift */ = {isa = PBXFileReference; lastKnownFileType = sourcecode.swift; path = PhoneNumberViewController.swift; sourceTree = "<group>"; };
		44D4525F28E1027600D0FFA5 /* module.swift */ = {isa = PBXFileReference; lastKnownFileType = sourcecode.swift; path = module.swift; sourceTree = "<group>"; };
		44D4526128E2116D00D0FFA5 /* AudioTableViewCell.swift */ = {isa = PBXFileReference; lastKnownFileType = sourcecode.swift; path = AudioTableViewCell.swift; sourceTree = "<group>"; };
		44FF145928FAEE5C008EFFE0 /* GoogleService-Info.plist */ = {isa = PBXFileReference; fileEncoding = 4; lastKnownFileType = text.plist.xml; name = "GoogleService-Info.plist"; path = "../../../Downloads/GoogleService-Info.plist"; sourceTree = "<group>"; };
/* End PBXFileReference section */

/* Begin PBXFrameworksBuildPhase section */
		448E30DC28D8FC200053A082 /* Frameworks */ = {
			isa = PBXFrameworksBuildPhase;
			buildActionMask = 2147483647;
			files = (
				445D5FD228E4F2E3008BD560 /* Lottie in Frameworks */,
				441E26A928DA80EF00D6A0AC /* Alamofire in Frameworks */,
				44B8725128DFB83600B5D201 /* SwiftyJSON in Frameworks */,
				44FF145D28FAF017008EFFE0 /* FirebaseAuth in Frameworks */,
				44FF145F28FAF017008EFFE0 /* FirebaseAuthCombine-Community in Frameworks */,
				44FF146128FAF017008EFFE0 /* FirebaseFirestore in Frameworks */,
				44FF146328FAF017008EFFE0 /* FirebaseFirestoreCombine-Community in Frameworks */,
				44FF146528FAF017008EFFE0 /* FirebaseFirestoreSwift in Frameworks */,
			);
			runOnlyForDeploymentPostprocessing = 0;
		};
		448E30F528D8FC220053A082 /* Frameworks */ = {
			isa = PBXFrameworksBuildPhase;
			buildActionMask = 2147483647;
			files = (
			);
			runOnlyForDeploymentPostprocessing = 0;
		};
		448E30FF28D8FC220053A082 /* Frameworks */ = {
			isa = PBXFrameworksBuildPhase;
			buildActionMask = 2147483647;
			files = (
			);
			runOnlyForDeploymentPostprocessing = 0;
		};
/* End PBXFrameworksBuildPhase section */

/* Begin PBXGroup section */
		441E26A228D917C500D6A0AC /* ViewController */ = {
			isa = PBXGroup;
			children = (
				448E30E628D8FC200053A082 /* ViewController.swift */,
				441E26A328D917E100D6A0AC /* CodeViewController.swift */,
				441E26A528DA765700D6A0AC /* MainViewController.swift */,
				44B8724D28DB64B700B5D201 /* PhoneNumberViewController.swift */,
				44B7694928F04E3E00BC755D /* DelModelViewController.swift */,
			);
			path = ViewController;
			sourceTree = "<group>";
		};
		448E30D628D8FC200053A082 = {
			isa = PBXGroup;
			children = (
				448E30E128D8FC200053A082 /* Call Recorder */,
				448E30FB28D8FC220053A082 /* Call RecorderTests */,
				448E310528D8FC220053A082 /* Call RecorderUITests */,
				448E30E028D8FC200053A082 /* Products */,
			);
			sourceTree = "<group>";
		};
		448E30E028D8FC200053A082 /* Products */ = {
			isa = PBXGroup;
			children = (
				448E30DF28D8FC200053A082 /* Call Recorder.app */,
				448E30F828D8FC220053A082 /* Call RecorderTests.xctest */,
				448E310228D8FC220053A082 /* Call RecorderUITests.xctest */,
			);
			name = Products;
			sourceTree = "<group>";
		};
		448E30E128D8FC200053A082 /* Call Recorder */ = {
			isa = PBXGroup;
			children = (
				441E26A228D917C500D6A0AC /* ViewController */,
				448E311528D900D80053A082 /* Fonts */,
				448E30E228D8FC200053A082 /* AppDelegate.swift */,
				448E30E428D8FC200053A082 /* SceneDelegate.swift */,
				448E30E828D8FC200053A082 /* Main.storyboard */,
				448E30EE28D8FC220053A082 /* Assets.xcassets */,
				448E30F028D8FC220053A082 /* LaunchScreen.storyboard */,
				44FF145928FAEE5C008EFFE0 /* GoogleService-Info.plist */,
				448E30F328D8FC220053A082 /* Info.plist */,
				448E30EB28D8FC200053A082 /* Call_Recorder.xcdatamodeld */,
				44D4525F28E1027600D0FFA5 /* module.swift */,
				44D4526128E2116D00D0FFA5 /* AudioTableViewCell.swift */,
				445D5FD328E745C3008BD560 /* SettingsTableViewCell.swift */,
				44B7694F28F0C1A400BC755D /* Localizable.strings */,
			);
			path = "Call Recorder";
			sourceTree = "<group>";
		};
		448E30FB28D8FC220053A082 /* Call RecorderTests */ = {
			isa = PBXGroup;
			children = (
				448E30FC28D8FC220053A082 /* Call_RecorderTests.swift */,
			);
			path = "Call RecorderTests";
			sourceTree = "<group>";
		};
		448E310528D8FC220053A082 /* Call RecorderUITests */ = {
			isa = PBXGroup;
			children = (
				448E310628D8FC220053A082 /* Call_RecorderUITests.swift */,
				448E310828D8FC220053A082 /* Call_RecorderUITestsLaunchTests.swift */,
			);
			path = "Call RecorderUITests";
			sourceTree = "<group>";
		};
		448E311528D900D80053A082 /* Fonts */ = {
			isa = PBXGroup;
			children = (
				445297FA28E4EF3B000A3B64 /* loading.json */,
				448E311628D900D80053A082 /* SFPRODISPLAYSEMIBOLDITALIC.OTF */,
				4485243328F228E500D92055 /* Qanelas-Bold.ttf */,
				4485243428F228E500D92055 /* Qanelas-Regular.ttf */,
				448E311928D900D80053A082 /* Montserrat-SemiBold.ttf */,
				4485243728F2292100D92055 /* Qanelas-Medium.ttf */,
				4485243028F2264F00D92055 /* Hezaedrus-Regular.ttf */,
				448E311A28D900D80053A082 /* proximanova_bold.otf */,
				4485242F28F2263000D92055 /* Hezaedrus-Light.ttf */,
				448E311B28D900D80053A082 /* Montserrat-Regular.ttf */,
				4485242E28F225F200D92055 /* Hezaedrus-Medium.ttf */,
				448E311C28D900D80053A082 /* SFProDisplay-SemiBold.ttf */,
			);
			path = Fonts;
			sourceTree = "<group>";
		};
/* End PBXGroup section */

/* Begin PBXNativeTarget section */
		448E30DE28D8FC200053A082 /* Call Recorder */ = {
			isa = PBXNativeTarget;
			buildConfigurationList = 448E310C28D8FC220053A082 /* Build configuration list for PBXNativeTarget "Call Recorder" */;
			buildPhases = (
				448E30DB28D8FC200053A082 /* Sources */,
				448E30DC28D8FC200053A082 /* Frameworks */,
				448E30DD28D8FC200053A082 /* Resources */,
			);
			buildRules = (
			);
			dependencies = (
			);
			name = "Call Recorder";
			packageProductDependencies = (
				441E26A828DA80EF00D6A0AC /* Alamofire */,
				44B8725028DFB83600B5D201 /* SwiftyJSON */,
				445D5FD128E4F2E3008BD560 /* Lottie */,
				44FF145C28FAF017008EFFE0 /* FirebaseAuth */,
				44FF145E28FAF017008EFFE0 /* FirebaseAuthCombine-Community */,
				44FF146028FAF017008EFFE0 /* FirebaseFirestore */,
				44FF146228FAF017008EFFE0 /* FirebaseFirestoreCombine-Community */,
				44FF146428FAF017008EFFE0 /* FirebaseFirestoreSwift */,
			);
			productName = "Call Recorder";
			productReference = 448E30DF28D8FC200053A082 /* Call Recorder.app */;
			productType = "com.apple.product-type.application";
		};
		448E30F728D8FC220053A082 /* Call RecorderTests */ = {
			isa = PBXNativeTarget;
			buildConfigurationList = 448E310F28D8FC220053A082 /* Build configuration list for PBXNativeTarget "Call RecorderTests" */;
			buildPhases = (
				448E30F428D8FC220053A082 /* Sources */,
				448E30F528D8FC220053A082 /* Frameworks */,
				448E30F628D8FC220053A082 /* Resources */,
			);
			buildRules = (
			);
			dependencies = (
				448E30FA28D8FC220053A082 /* PBXTargetDependency */,
			);
			name = "Call RecorderTests";
			productName = "Call RecorderTests";
			productReference = 448E30F828D8FC220053A082 /* Call RecorderTests.xctest */;
			productType = "com.apple.product-type.bundle.unit-test";
		};
		448E310128D8FC220053A082 /* Call RecorderUITests */ = {
			isa = PBXNativeTarget;
			buildConfigurationList = 448E311228D8FC220053A082 /* Build configuration list for PBXNativeTarget "Call RecorderUITests" */;
			buildPhases = (
				448E30FE28D8FC220053A082 /* Sources */,
				448E30FF28D8FC220053A082 /* Frameworks */,
				448E310028D8FC220053A082 /* Resources */,
			);
			buildRules = (
			);
			dependencies = (
				448E310428D8FC220053A082 /* PBXTargetDependency */,
			);
			name = "Call RecorderUITests";
			productName = "Call RecorderUITests";
			productReference = 448E310228D8FC220053A082 /* Call RecorderUITests.xctest */;
			productType = "com.apple.product-type.bundle.ui-testing";
		};
/* End PBXNativeTarget section */

/* Begin PBXProject section */
		448E30D728D8FC200053A082 /* Project object */ = {
			isa = PBXProject;
			attributes = {
				BuildIndependentTargetsInParallel = 1;
				LastSwiftUpdateCheck = 1340;
				LastUpgradeCheck = 1340;
				TargetAttributes = {
					448E30DE28D8FC200053A082 = {
						CreatedOnToolsVersion = 13.4.1;
					};
					448E30F728D8FC220053A082 = {
						CreatedOnToolsVersion = 13.4.1;
						TestTargetID = 448E30DE28D8FC200053A082;
					};
					448E310128D8FC220053A082 = {
						CreatedOnToolsVersion = 13.4.1;
						TestTargetID = 448E30DE28D8FC200053A082;
					};
				};
			};
			buildConfigurationList = 448E30DA28D8FC200053A082 /* Build configuration list for PBXProject "Call Recorder" */;
			compatibilityVersion = "Xcode 13.0";
			developmentRegion = en;
			hasScannedForEncodings = 0;
			knownRegions = (
				en,
				Base,
				ru,
			);
			mainGroup = 448E30D628D8FC200053A082;
			packageReferences = (
				441E26A728DA80EF00D6A0AC /* XCRemoteSwiftPackageReference "Alamofire" */,
				44B8724F28DFB83600B5D201 /* XCRemoteSwiftPackageReference "SwiftyJSON" */,
				445D5FD028E4F2E3008BD560 /* XCRemoteSwiftPackageReference "lottie-ios" */,
				44FF145B28FAF016008EFFE0 /* XCRemoteSwiftPackageReference "firebase-ios-sdk" */,
			);
			productRefGroup = 448E30E028D8FC200053A082 /* Products */;
			projectDirPath = "";
			projectRoot = "";
			targets = (
				448E30DE28D8FC200053A082 /* Call Recorder */,
				448E30F728D8FC220053A082 /* Call RecorderTests */,
				448E310128D8FC220053A082 /* Call RecorderUITests */,
			);
		};
/* End PBXProject section */

/* Begin PBXResourcesBuildPhase section */
		448E30DD28D8FC200053A082 /* Resources */ = {
			isa = PBXResourcesBuildPhase;
			buildActionMask = 2147483647;
			files = (
				448E312228D900D80053A082 /* Montserrat-Regular.ttf in Resources */,
				448E30F228D8FC220053A082 /* LaunchScreen.storyboard in Resources */,
				44FF145A28FAEE5C008EFFE0 /* GoogleService-Info.plist in Resources */,
				44B7694D28F0C1A400BC755D /* Localizable.strings in Resources */,
				4485243828F2292100D92055 /* Qanelas-Medium.ttf in Resources */,
				448E312028D900D80053A082 /* Montserrat-SemiBold.ttf in Resources */,
				445297FB28E4EF3C000A3B64 /* loading.json in Resources */,
				448E312328D900D80053A082 /* SFProDisplay-SemiBold.ttf in Resources */,
				448E30EF28D8FC220053A082 /* Assets.xcassets in Resources */,
				4485243628F228E500D92055 /* Qanelas-Regular.ttf in Resources */,
				448E311D28D900D80053A082 /* SFPRODISPLAYSEMIBOLDITALIC.OTF in Resources */,
				448E30EA28D8FC200053A082 /* Main.storyboard in Resources */,
				448E312128D900D80053A082 /* proximanova_bold.otf in Resources */,
				4485243528F228E500D92055 /* Qanelas-Bold.ttf in Resources */,
			);
			runOnlyForDeploymentPostprocessing = 0;
		};
		448E30F628D8FC220053A082 /* Resources */ = {
			isa = PBXResourcesBuildPhase;
			buildActionMask = 2147483647;
			files = (
			);
			runOnlyForDeploymentPostprocessing = 0;
		};
		448E310028D8FC220053A082 /* Resources */ = {
			isa = PBXResourcesBuildPhase;
			buildActionMask = 2147483647;
			files = (
			);
			runOnlyForDeploymentPostprocessing = 0;
		};
/* End PBXResourcesBuildPhase section */

/* Begin PBXSourcesBuildPhase section */
		448E30DB28D8FC200053A082 /* Sources */ = {
			isa = PBXSourcesBuildPhase;
			buildActionMask = 2147483647;
			files = (
				448E30E728D8FC200053A082 /* ViewController.swift in Sources */,
				44B7694A28F04E3E00BC755D /* DelModelViewController.swift in Sources */,
				448E30E328D8FC200053A082 /* AppDelegate.swift in Sources */,
				448E30E528D8FC200053A082 /* SceneDelegate.swift in Sources */,
				441E26A628DA765700D6A0AC /* MainViewController.swift in Sources */,
				44B8724E28DB64B700B5D201 /* PhoneNumberViewController.swift in Sources */,
				44D4526028E1027600D0FFA5 /* module.swift in Sources */,
				441E26A428D917E100D6A0AC /* CodeViewController.swift in Sources */,
				448E30ED28D8FC200053A082 /* Call_Recorder.xcdatamodeld in Sources */,
				445D5FD428E745C3008BD560 /* SettingsTableViewCell.swift in Sources */,
				44D4526228E2116D00D0FFA5 /* AudioTableViewCell.swift in Sources */,
			);
			runOnlyForDeploymentPostprocessing = 0;
		};
		448E30F428D8FC220053A082 /* Sources */ = {
			isa = PBXSourcesBuildPhase;
			buildActionMask = 2147483647;
			files = (
				448E30FD28D8FC220053A082 /* Call_RecorderTests.swift in Sources */,
			);
			runOnlyForDeploymentPostprocessing = 0;
		};
		448E30FE28D8FC220053A082 /* Sources */ = {
			isa = PBXSourcesBuildPhase;
			buildActionMask = 2147483647;
			files = (
				448E310928D8FC220053A082 /* Call_RecorderUITestsLaunchTests.swift in Sources */,
				448E310728D8FC220053A082 /* Call_RecorderUITests.swift in Sources */,
			);
			runOnlyForDeploymentPostprocessing = 0;
		};
/* End PBXSourcesBuildPhase section */

/* Begin PBXTargetDependency section */
		448E30FA28D8FC220053A082 /* PBXTargetDependency */ = {
			isa = PBXTargetDependency;
			target = 448E30DE28D8FC200053A082 /* Call Recorder */;
			targetProxy = 448E30F928D8FC220053A082 /* PBXContainerItemProxy */;
		};
		448E310428D8FC220053A082 /* PBXTargetDependency */ = {
			isa = PBXTargetDependency;
			target = 448E30DE28D8FC200053A082 /* Call Recorder */;
			targetProxy = 448E310328D8FC220053A082 /* PBXContainerItemProxy */;
		};
/* End PBXTargetDependency section */

/* Begin PBXVariantGroup section */
		448E30E828D8FC200053A082 /* Main.storyboard */ = {
			isa = PBXVariantGroup;
			children = (
				448E30E928D8FC200053A082 /* Base */,
				44B768FE28ECF30D00BC755D /* en */,
				44B768FF28ECF49600BC755D /* ru */,
			);
			name = Main.storyboard;
			sourceTree = "<group>";
		};
		448E30F028D8FC220053A082 /* LaunchScreen.storyboard */ = {
			isa = PBXVariantGroup;
			children = (
				448E30F128D8FC220053A082 /* Base */,
			);
			name = LaunchScreen.storyboard;
			sourceTree = "<group>";
		};
		44B7694F28F0C1A400BC755D /* Localizable.strings */ = {
			isa = PBXVariantGroup;
			children = (
				44B7694E28F0C1A400BC755D /* en */,
				44B7695028F0C1A800BC755D /* ru */,
			);
			name = Localizable.strings;
			sourceTree = "<group>";
		};
/* End PBXVariantGroup section */

/* Begin XCBuildConfiguration section */
		448E310A28D8FC220053A082 /* Debug */ = {
			isa = XCBuildConfiguration;
			buildSettings = {
				ALWAYS_SEARCH_USER_PATHS = NO;
				CLANG_ANALYZER_LOCALIZABILITY_NONLOCALIZED = YES;
				CLANG_ANALYZER_NONNULL = YES;
				CLANG_ANALYZER_NUMBER_OBJECT_CONVERSION = YES_AGGRESSIVE;
				CLANG_CXX_LANGUAGE_STANDARD = "gnu++17";
				CLANG_ENABLE_MODULES = YES;
				CLANG_ENABLE_OBJC_ARC = YES;
				CLANG_ENABLE_OBJC_WEAK = YES;
				CLANG_WARN_BLOCK_CAPTURE_AUTORELEASING = YES;
				CLANG_WARN_BOOL_CONVERSION = YES;
				CLANG_WARN_COMMA = YES;
				CLANG_WARN_CONSTANT_CONVERSION = YES;
				CLANG_WARN_DEPRECATED_OBJC_IMPLEMENTATIONS = YES;
				CLANG_WARN_DIRECT_OBJC_ISA_USAGE = YES_ERROR;
				CLANG_WARN_DOCUMENTATION_COMMENTS = YES;
				CLANG_WARN_EMPTY_BODY = YES;
				CLANG_WARN_ENUM_CONVERSION = YES;
				CLANG_WARN_INFINITE_RECURSION = YES;
				CLANG_WARN_INT_CONVERSION = YES;
				CLANG_WARN_NON_LITERAL_NULL_CONVERSION = YES;
				CLANG_WARN_OBJC_IMPLICIT_RETAIN_SELF = YES;
				CLANG_WARN_OBJC_LITERAL_CONVERSION = YES;
				CLANG_WARN_OBJC_ROOT_CLASS = YES_ERROR;
				CLANG_WARN_QUOTED_INCLUDE_IN_FRAMEWORK_HEADER = YES;
				CLANG_WARN_RANGE_LOOP_ANALYSIS = YES;
				CLANG_WARN_STRICT_PROTOTYPES = YES;
				CLANG_WARN_SUSPICIOUS_MOVE = YES;
				CLANG_WARN_UNGUARDED_AVAILABILITY = YES_AGGRESSIVE;
				CLANG_WARN_UNREACHABLE_CODE = YES;
				CLANG_WARN__DUPLICATE_METHOD_MATCH = YES;
				COPY_PHASE_STRIP = NO;
				DEBUG_INFORMATION_FORMAT = dwarf;
				ENABLE_STRICT_OBJC_MSGSEND = YES;
				ENABLE_TESTABILITY = YES;
				GCC_C_LANGUAGE_STANDARD = gnu11;
				GCC_DYNAMIC_NO_PIC = NO;
				GCC_NO_COMMON_BLOCKS = YES;
				GCC_OPTIMIZATION_LEVEL = 0;
				GCC_PREPROCESSOR_DEFINITIONS = (
					"DEBUG=1",
					"$(inherited)",
				);
				GCC_WARN_64_TO_32_BIT_CONVERSION = YES;
				GCC_WARN_ABOUT_RETURN_TYPE = YES_ERROR;
				GCC_WARN_UNDECLARED_SELECTOR = YES;
				GCC_WARN_UNINITIALIZED_AUTOS = YES_AGGRESSIVE;
				GCC_WARN_UNUSED_FUNCTION = YES;
				GCC_WARN_UNUSED_VARIABLE = YES;
				IPHONEOS_DEPLOYMENT_TARGET = 15.5;
				MTL_ENABLE_DEBUG_INFO = INCLUDE_SOURCE;
				MTL_FAST_MATH = YES;
				ONLY_ACTIVE_ARCH = YES;
				SDKROOT = iphoneos;
				SWIFT_ACTIVE_COMPILATION_CONDITIONS = DEBUG;
				SWIFT_OPTIMIZATION_LEVEL = "-Onone";
			};
			name = Debug;
		};
		448E310B28D8FC220053A082 /* Release */ = {
			isa = XCBuildConfiguration;
			buildSettings = {
				ALWAYS_SEARCH_USER_PATHS = NO;
				CLANG_ANALYZER_LOCALIZABILITY_NONLOCALIZED = YES;
				CLANG_ANALYZER_NONNULL = YES;
				CLANG_ANALYZER_NUMBER_OBJECT_CONVERSION = YES_AGGRESSIVE;
				CLANG_CXX_LANGUAGE_STANDARD = "gnu++17";
				CLANG_ENABLE_MODULES = YES;
				CLANG_ENABLE_OBJC_ARC = YES;
				CLANG_ENABLE_OBJC_WEAK = YES;
				CLANG_WARN_BLOCK_CAPTURE_AUTORELEASING = YES;
				CLANG_WARN_BOOL_CONVERSION = YES;
				CLANG_WARN_COMMA = YES;
				CLANG_WARN_CONSTANT_CONVERSION = YES;
				CLANG_WARN_DEPRECATED_OBJC_IMPLEMENTATIONS = YES;
				CLANG_WARN_DIRECT_OBJC_ISA_USAGE = YES_ERROR;
				CLANG_WARN_DOCUMENTATION_COMMENTS = YES;
				CLANG_WARN_EMPTY_BODY = YES;
				CLANG_WARN_ENUM_CONVERSION = YES;
				CLANG_WARN_INFINITE_RECURSION = YES;
				CLANG_WARN_INT_CONVERSION = YES;
				CLANG_WARN_NON_LITERAL_NULL_CONVERSION = YES;
				CLANG_WARN_OBJC_IMPLICIT_RETAIN_SELF = YES;
				CLANG_WARN_OBJC_LITERAL_CONVERSION = YES;
				CLANG_WARN_OBJC_ROOT_CLASS = YES_ERROR;
				CLANG_WARN_QUOTED_INCLUDE_IN_FRAMEWORK_HEADER = YES;
				CLANG_WARN_RANGE_LOOP_ANALYSIS = YES;
				CLANG_WARN_STRICT_PROTOTYPES = YES;
				CLANG_WARN_SUSPICIOUS_MOVE = YES;
				CLANG_WARN_UNGUARDED_AVAILABILITY = YES_AGGRESSIVE;
				CLANG_WARN_UNREACHABLE_CODE = YES;
				CLANG_WARN__DUPLICATE_METHOD_MATCH = YES;
				COPY_PHASE_STRIP = NO;
				DEBUG_INFORMATION_FORMAT = "dwarf-with-dsym";
				ENABLE_NS_ASSERTIONS = NO;
				ENABLE_STRICT_OBJC_MSGSEND = YES;
				GCC_C_LANGUAGE_STANDARD = gnu11;
				GCC_NO_COMMON_BLOCKS = YES;
				GCC_WARN_64_TO_32_BIT_CONVERSION = YES;
				GCC_WARN_ABOUT_RETURN_TYPE = YES_ERROR;
				GCC_WARN_UNDECLARED_SELECTOR = YES;
				GCC_WARN_UNINITIALIZED_AUTOS = YES_AGGRESSIVE;
				GCC_WARN_UNUSED_FUNCTION = YES;
				GCC_WARN_UNUSED_VARIABLE = YES;
				IPHONEOS_DEPLOYMENT_TARGET = 15.5;
				MTL_ENABLE_DEBUG_INFO = NO;
				MTL_FAST_MATH = YES;
				SDKROOT = iphoneos;
				SWIFT_COMPILATION_MODE = wholemodule;
				SWIFT_OPTIMIZATION_LEVEL = "-O";
				VALIDATE_PRODUCT = YES;
			};
			name = Release;
		};
		448E310D28D8FC220053A082 /* Debug */ = {
			isa = XCBuildConfiguration;
			buildSettings = {
				ASSETCATALOG_COMPILER_APPICON_NAME = AppIcon;
				ASSETCATALOG_COMPILER_GLOBAL_ACCENT_COLOR_NAME = AccentColor;
				CODE_SIGN_STYLE = Automatic;
				CURRENT_PROJECT_VERSION = 1;
				DEVELOPMENT_TEAM = DKHFV79UK7;
				GENERATE_INFOPLIST_FILE = YES;
				INFOPLIST_FILE = "Call Recorder/Info.plist";
				INFOPLIST_KEY_NSContactsUsageDescription = "Need contacts access to display info in this app";
				INFOPLIST_KEY_UIApplicationSupportsIndirectInputEvents = YES;
				INFOPLIST_KEY_UILaunchStoryboardName = LaunchScreen;
				INFOPLIST_KEY_UIMainStoryboardFile = Main;
				INFOPLIST_KEY_UISupportedInterfaceOrientations = UIInterfaceOrientationPortrait;
				INFOPLIST_KEY_UISupportedInterfaceOrientations_iPad = "UIInterfaceOrientationPortrait UIInterfaceOrientationPortraitUpsideDown UIInterfaceOrientationLandscapeLeft UIInterfaceOrientationLandscapeRight";
				INFOPLIST_KEY_UISupportedInterfaceOrientations_iPhone = UIInterfaceOrientationPortrait;
				IPHONEOS_DEPLOYMENT_TARGET = 15.5;
				LD_RUNPATH_SEARCH_PATHS = (
					"$(inherited)",
					"@executable_path/Frameworks",
				);
				MARKETING_VERSION = 1.0;
				PRODUCT_BUNDLE_IDENTIFIER = "com.family.roy.Call-Recorder";
				PRODUCT_NAME = "$(TARGET_NAME)";
				SWIFT_EMIT_LOC_STRINGS = YES;
				SWIFT_VERSION = 5.0;
				TARGETED_DEVICE_FAMILY = 1;
			};
			name = Debug;
		};
		448E310E28D8FC220053A082 /* Release */ = {
			isa = XCBuildConfiguration;
			buildSettings = {
				ASSETCATALOG_COMPILER_APPICON_NAME = AppIcon;
				ASSETCATALOG_COMPILER_GLOBAL_ACCENT_COLOR_NAME = AccentColor;
				CODE_SIGN_STYLE = Automatic;
				CURRENT_PROJECT_VERSION = 1;
				DEVELOPMENT_TEAM = DKHFV79UK7;
				GENERATE_INFOPLIST_FILE = YES;
				INFOPLIST_FILE = "Call Recorder/Info.plist";
				INFOPLIST_KEY_NSContactsUsageDescription = "Need contacts access to display info in this app";
				INFOPLIST_KEY_UIApplicationSupportsIndirectInputEvents = YES;
				INFOPLIST_KEY_UILaunchStoryboardName = LaunchScreen;
				INFOPLIST_KEY_UIMainStoryboardFile = Main;
				INFOPLIST_KEY_UISupportedInterfaceOrientations = UIInterfaceOrientationPortrait;
				INFOPLIST_KEY_UISupportedInterfaceOrientations_iPad = "UIInterfaceOrientationPortrait UIInterfaceOrientationPortraitUpsideDown UIInterfaceOrientationLandscapeLeft UIInterfaceOrientationLandscapeRight";
				INFOPLIST_KEY_UISupportedInterfaceOrientations_iPhone = UIInterfaceOrientationPortrait;
				IPHONEOS_DEPLOYMENT_TARGET = 15.5;
				LD_RUNPATH_SEARCH_PATHS = (
					"$(inherited)",
					"@executable_path/Frameworks",
				);
				MARKETING_VERSION = 1.0;
				PRODUCT_BUNDLE_IDENTIFIER = "com.family.roy.Call-Recorder";
				PRODUCT_NAME = "$(TARGET_NAME)";
				SWIFT_EMIT_LOC_STRINGS = YES;
				SWIFT_VERSION = 5.0;
				TARGETED_DEVICE_FAMILY = 1;
			};
			name = Release;
		};
		448E311028D8FC220053A082 /* Debug */ = {
			isa = XCBuildConfiguration;
			buildSettings = {
				ALWAYS_EMBED_SWIFT_STANDARD_LIBRARIES = YES;
				BUNDLE_LOADER = "$(TEST_HOST)";
				CODE_SIGN_STYLE = Automatic;
				CURRENT_PROJECT_VERSION = 1;
				DEVELOPMENT_TEAM = DKHFV79UK7;
				GENERATE_INFOPLIST_FILE = YES;
				IPHONEOS_DEPLOYMENT_TARGET = 15.5;
				MARKETING_VERSION = 1.0;
				PRODUCT_BUNDLE_IDENTIFIER = "com.family.roy.Call-RecorderTests";
				PRODUCT_NAME = "$(TARGET_NAME)";
				SWIFT_EMIT_LOC_STRINGS = NO;
				SWIFT_VERSION = 5.0;
				TARGETED_DEVICE_FAMILY = "1,2";
				TEST_HOST = "$(BUILT_PRODUCTS_DIR)/Call Recorder.app/Call Recorder";
			};
			name = Debug;
		};
		448E311128D8FC220053A082 /* Release */ = {
			isa = XCBuildConfiguration;
			buildSettings = {
				ALWAYS_EMBED_SWIFT_STANDARD_LIBRARIES = YES;
				BUNDLE_LOADER = "$(TEST_HOST)";
				CODE_SIGN_STYLE = Automatic;
				CURRENT_PROJECT_VERSION = 1;
				DEVELOPMENT_TEAM = DKHFV79UK7;
				GENERATE_INFOPLIST_FILE = YES;
				IPHONEOS_DEPLOYMENT_TARGET = 15.5;
				MARKETING_VERSION = 1.0;
				PRODUCT_BUNDLE_IDENTIFIER = "com.family.roy.Call-RecorderTests";
				PRODUCT_NAME = "$(TARGET_NAME)";
				SWIFT_EMIT_LOC_STRINGS = NO;
				SWIFT_VERSION = 5.0;
				TARGETED_DEVICE_FAMILY = "1,2";
				TEST_HOST = "$(BUILT_PRODUCTS_DIR)/Call Recorder.app/Call Recorder";
			};
			name = Release;
		};
		448E311328D8FC220053A082 /* Debug */ = {
			isa = XCBuildConfiguration;
			buildSettings = {
				ALWAYS_EMBED_SWIFT_STANDARD_LIBRARIES = YES;
				CODE_SIGN_STYLE = Automatic;
				CURRENT_PROJECT_VERSION = 1;
				DEVELOPMENT_TEAM = DKHFV79UK7;
				GENERATE_INFOPLIST_FILE = YES;
				MARKETING_VERSION = 1.0;
				PRODUCT_BUNDLE_IDENTIFIER = "com.family.roy.Call-RecorderUITests";
				PRODUCT_NAME = "$(TARGET_NAME)";
				SWIFT_EMIT_LOC_STRINGS = NO;
				SWIFT_VERSION = 5.0;
				TARGETED_DEVICE_FAMILY = "1,2";
				TEST_TARGET_NAME = "Call Recorder";
			};
			name = Debug;
		};
		448E311428D8FC220053A082 /* Release */ = {
			isa = XCBuildConfiguration;
			buildSettings = {
				ALWAYS_EMBED_SWIFT_STANDARD_LIBRARIES = YES;
				CODE_SIGN_STYLE = Automatic;
				CURRENT_PROJECT_VERSION = 1;
				DEVELOPMENT_TEAM = DKHFV79UK7;
				GENERATE_INFOPLIST_FILE = YES;
				MARKETING_VERSION = 1.0;
				PRODUCT_BUNDLE_IDENTIFIER = "com.family.roy.Call-RecorderUITests";
				PRODUCT_NAME = "$(TARGET_NAME)";
				SWIFT_EMIT_LOC_STRINGS = NO;
				SWIFT_VERSION = 5.0;
				TARGETED_DEVICE_FAMILY = "1,2";
				TEST_TARGET_NAME = "Call Recorder";
			};
			name = Release;
		};
/* End XCBuildConfiguration section */

/* Begin XCConfigurationList section */
		448E30DA28D8FC200053A082 /* Build configuration list for PBXProject "Call Recorder" */ = {
			isa = XCConfigurationList;
			buildConfigurations = (
				448E310A28D8FC220053A082 /* Debug */,
				448E310B28D8FC220053A082 /* Release */,
			);
			defaultConfigurationIsVisible = 0;
			defaultConfigurationName = Release;
		};
		448E310C28D8FC220053A082 /* Build configuration list for PBXNativeTarget "Call Recorder" */ = {
			isa = XCConfigurationList;
			buildConfigurations = (
				448E310D28D8FC220053A082 /* Debug */,
				448E310E28D8FC220053A082 /* Release */,
			);
			defaultConfigurationIsVisible = 0;
			defaultConfigurationName = Release;
		};
		448E310F28D8FC220053A082 /* Build configuration list for PBXNativeTarget "Call RecorderTests" */ = {
			isa = XCConfigurationList;
			buildConfigurations = (
				448E311028D8FC220053A082 /* Debug */,
				448E311128D8FC220053A082 /* Release */,
			);
			defaultConfigurationIsVisible = 0;
			defaultConfigurationName = Release;
		};
		448E311228D8FC220053A082 /* Build configuration list for PBXNativeTarget "Call RecorderUITests" */ = {
			isa = XCConfigurationList;
			buildConfigurations = (
				448E311328D8FC220053A082 /* Debug */,
				448E311428D8FC220053A082 /* Release */,
			);
			defaultConfigurationIsVisible = 0;
			defaultConfigurationName = Release;
		};
/* End XCConfigurationList section */

/* Begin XCRemoteSwiftPackageReference section */
		441E26A728DA80EF00D6A0AC /* XCRemoteSwiftPackageReference "Alamofire" */ = {
			isa = XCRemoteSwiftPackageReference;
			repositoryURL = "https://github.com/Alamofire/Alamofire.git";
			requirement = {
				branch = master;
				kind = branch;
			};
		};
		445D5FD028E4F2E3008BD560 /* XCRemoteSwiftPackageReference "lottie-ios" */ = {
			isa = XCRemoteSwiftPackageReference;
			repositoryURL = "https://github.com/airbnb/lottie-ios?ysclid=l7aemr1x84787246425";
			requirement = {
				branch = master;
				kind = branch;
			};
		};
		44B8724F28DFB83600B5D201 /* XCRemoteSwiftPackageReference "SwiftyJSON" */ = {
			isa = XCRemoteSwiftPackageReference;
			repositoryURL = "https://github.com/SwiftyJSON/SwiftyJSON.git";
			requirement = {
				kind = upToNextMajorVersion;
				minimumVersion = 5.0.0;
			};
		};
		44FF145B28FAF016008EFFE0 /* XCRemoteSwiftPackageReference "firebase-ios-sdk" */ = {
			isa = XCRemoteSwiftPackageReference;
			repositoryURL = "https://github.com/firebase/firebase-ios-sdk";
			requirement = {
				branch = master;
				kind = branch;
			};
		};
/* End XCRemoteSwiftPackageReference section */

/* Begin XCSwiftPackageProductDependency section */
		441E26A828DA80EF00D6A0AC /* Alamofire */ = {
			isa = XCSwiftPackageProductDependency;
			package = 441E26A728DA80EF00D6A0AC /* XCRemoteSwiftPackageReference "Alamofire" */;
			productName = Alamofire;
		};
		445D5FD128E4F2E3008BD560 /* Lottie */ = {
			isa = XCSwiftPackageProductDependency;
			package = 445D5FD028E4F2E3008BD560 /* XCRemoteSwiftPackageReference "lottie-ios" */;
			productName = Lottie;
		};
		44B8725028DFB83600B5D201 /* SwiftyJSON */ = {
			isa = XCSwiftPackageProductDependency;
			package = 44B8724F28DFB83600B5D201 /* XCRemoteSwiftPackageReference "SwiftyJSON" */;
			productName = SwiftyJSON;
		};
		44FF145C28FAF017008EFFE0 /* FirebaseAuth */ = {
			isa = XCSwiftPackageProductDependency;
			package = 44FF145B28FAF016008EFFE0 /* XCRemoteSwiftPackageReference "firebase-ios-sdk" */;
			productName = FirebaseAuth;
		};
		44FF145E28FAF017008EFFE0 /* FirebaseAuthCombine-Community */ = {
			isa = XCSwiftPackageProductDependency;
			package = 44FF145B28FAF016008EFFE0 /* XCRemoteSwiftPackageReference "firebase-ios-sdk" */;
			productName = "FirebaseAuthCombine-Community";
		};
		44FF146028FAF017008EFFE0 /* FirebaseFirestore */ = {
			isa = XCSwiftPackageProductDependency;
			package = 44FF145B28FAF016008EFFE0 /* XCRemoteSwiftPackageReference "firebase-ios-sdk" */;
			productName = FirebaseFirestore;
		};
		44FF146228FAF017008EFFE0 /* FirebaseFirestoreCombine-Community */ = {
			isa = XCSwiftPackageProductDependency;
			package = 44FF145B28FAF016008EFFE0 /* XCRemoteSwiftPackageReference "firebase-ios-sdk" */;
			productName = "FirebaseFirestoreCombine-Community";
		};
		44FF146428FAF017008EFFE0 /* FirebaseFirestoreSwift */ = {
			isa = XCSwiftPackageProductDependency;
			package = 44FF145B28FAF016008EFFE0 /* XCRemoteSwiftPackageReference "firebase-ios-sdk" */;
			productName = FirebaseFirestoreSwift;
		};
/* End XCSwiftPackageProductDependency section */

/* Begin XCVersionGroup section */
		448E30EB28D8FC200053A082 /* Call_Recorder.xcdatamodeld */ = {
			isa = XCVersionGroup;
			children = (
				448E30EC28D8FC200053A082 /* Call_Recorder.xcdatamodel */,
			);
			currentVersion = 448E30EC28D8FC200053A082 /* Call_Recorder.xcdatamodel */;
			path = Call_Recorder.xcdatamodeld;
			sourceTree = "<group>";
			versionGroupType = wrapper.xcdatamodel;
		};
/* End XCVersionGroup section */
	};
	rootObject = 448E30D728D8FC200053A082 /* Project object */;
}
